{
  "name": "pdfreader-example",
  "version": "1.0.0",
  "lockfileVersion": 2,
  "requires": true,
  "packages": {
    "": {
      "name": "pdfreader-example",
      "version": "1.0.0",
      "license": "ISC",
      "dependencies": {
        "pdfreader": "^2.0.0"
      }
    },
    "node_modules/pdf2json": {
      "version": "2.0.1",
      "resolved": "https://registry.npmjs.org/pdf2json/-/pdf2json-2.0.1.tgz",
      "integrity": "sha512-gj1kZOV2cA+bHyyZiwNU8AVduT4L+7dQODtJZRev7/23TZ0Mz5ILVLsaCLX2p7A8cdBYyDq6zXEBUBvtXgpIZg==",
      "bundleDependencies": [
        "@xmldom/xmldom"
      ],
      "dependencies": {
        "@xmldom/xmldom": "^0.7.5"
      },
      "bin": {
        "pdf2json": "bin/pdf2json"
      },
      "engines": {
        "node": ">=14.18.0",
        "npm": ">=6.14.15"
      }
    },
    "node_modules/pdf2json/node_modules/@xmldom/xmldom": {
      "version": "0.7.5",
      "inBundle": true,
      "license": "MIT",
      "engines": {
        "node": ">=10.0.0"
      }
    },
    "node_modules/pdfreader": {
      "version": "2.0.0",
      "resolved": "https://registry.npmjs.org/pdfreader/-/pdfreader-2.0.0.tgz",
      "integrity": "sha512-ieCZ89yl1cb8olOhzMsSJgRJ+mR6tTwG/AGy9nWXzFPhzGgQA76Qh7CCWk6QTE3V30z2Hre1EVagzIjhNERYGw==",
      "dependencies": {
        "pdf2json": "2.0.1"
      },
      "engines": {
        "node": ">=14"
      }
    }
  },
  "dependencies": {
    "pdf2json": {
      "version": "2.0.1",
      "resolved": "https://registry.npmjs.org/pdf2json/-/pdf2json-2.0.1.tgz",
      "integrity": "sha512-gj1kZOV2cA+bHyyZiwNU8AVduT4L+7dQODtJZRev7/23TZ0Mz5ILVLsaCLX2p7A8cdBYyDq6zXEBUBvtXgpIZg==",
      "requires": {
        "@xmldom/xmldom": "^0.7.5"
      },
      "dependencies": {
        "@xmldom/xmldom": {
          "version": "0.7.5",
          "bundled": true
        }
      }
    },
    "pdfreader": {
      "version": "2.0.0",
      "resolved": "https://registry.npmjs.org/pdfreader/-/pdfreader-2.0.0.tgz",
      "integrity": "sha512-ieCZ89yl1cb8olOhzMsSJgRJ+mR6tTwG/AGy9nWXzFPhzGgQA76Qh7CCWk6QTE3V30z2Hre1EVagzIjhNERYGw==",
      "requires": {
        "pdf2json": "2.0.1"
      }
    }
  }
}
